
Microsoft Visual Studio Solution File, Format Version 11.00
# Visual Studio 2010
Project("{E24C65DC-7377-472B-9ABA-BC803B73C61A}") = "HtmlToPdfGenerator", "HtmlToPdfGenerator\", "{64F4DB6A-9150-4BA7-B9A9-148EA8AC3AD2}"
	ProjectSection(WebsiteProperties) = preProject
		TargetFrameworkMoniker = ".NETFramework,Version%3Dv4.0"
		ProjectReferences = ""
		Debug.AspNetCompiler.VirtualPath = "/HtmlToPdfGenerator"
		Debug.AspNetCompiler.PhysicalPath = "HtmlToPdfGenerator\"
		Debug.AspNetCompiler.TargetPath = "PrecompiledWeb\HtmlToPdfGenerator\"
		Debug.AspNetCompiler.Updateable = "true"
		Debug.AspNetCompiler.ForceOverwrite = "true"
		Debug.AspNetCompiler.FixedNames = "false"
		Debug.AspNetCompiler.Debug = "True"
		Release.AspNetCompiler.VirtualPath = "/HtmlToPdfGenerator"
		Release.AspNetCompiler.PhysicalPath = "HtmlToPdfGenerator\"
		Release.AspNetCompiler.TargetPath = "PrecompiledWeb\HtmlToPdfGenerator\"
		Release.AspNetCompiler.Updateable = "true"
		Release.AspNetCompiler.ForceOverwrite = "true"
		Release.AspNetCompiler.FixedNames = "false"
		Release.AspNetCompiler.Debug = "False"
		VWDPort = "56270"
		DefaultWebSiteLanguage = "Visual C#"
	EndProjectSection
EndProject
Global
	GlobalSection(SolutionConfigurationPlatforms) = preSolution
		Debug|Any CPU = Debug|Any CPU
		Release|Any CPU = Release|Any CPU
	EndGlobalSection
	GlobalSection(ProjectConfigurationPlatforms) = postSolution
		{64F4DB6A-9150-4BA7-B9A9-148EA8AC3AD2}.Debug|Any CPU.ActiveCfg = Debug|Any CPU
		{64F4DB6A-9150-4BA7-B9A9-148EA8AC3AD2}.Debug|Any CPU.Build.0 = Debug|Any CPU
		{64F4DB6A-9150-4BA7-B9A9-148EA8AC3AD2}.Release|Any CPU.ActiveCfg = Debug|Any CPU
		{64F4DB6A-9150-4BA7-B9A9-148EA8AC3AD2}.Release|Any CPU.Build.0 = Debug|Any CPU
	EndGlobalSection
	GlobalSection(SolutionProperties) = preSolution
		HideSolutionNode = FALSE
	EndGlobalSection
EndGlobal
